// !$*UTF8*$!
{
	archiveVersion = 1;
	classes = {
	};
	objectVersion = 50;
	objects = {

/* Begin PBXBuildFile section */
		141E1E0A242AB65F00E7838B /* AppDelegate.swift in Sources */ = {isa = PBXBuildFile; fileRef = 141E1E09242AB65F00E7838B /* AppDelegate.swift */; };
		141E1E0E242AB65F00E7838B /* GameController.swift in Sources */ = {isa = PBXBuildFile; fileRef = 141E1E0D242AB65F00E7838B /* GameController.swift */; };
		141E1E13242AB66200E7838B /* Assets.xcassets in Resources */ = {isa = PBXBuildFile; fileRef = 141E1E12242AB66200E7838B /* Assets.xcassets */; };
		141E1E16242AB66200E7838B /* LaunchScreen.storyboard in Resources */ = {isa = PBXBuildFile; fileRef = 141E1E14242AB66200E7838B /* LaunchScreen.storyboard */; };
		141E1E1E242ABF8000E7838B /* UIColor + Extention.swift in Sources */ = {isa = PBXBuildFile; fileRef = 141E1E1D242ABF8000E7838B /* UIColor + Extention.swift */; };
		141E1E27242C060D00E7838B /* xImageView.swift in Sources */ = {isa = PBXBuildFile; fileRef = 141E1E26242C060D00E7838B /* xImageView.swift */; };
		141E1E29242C07D400E7838B /* MPCHandler.swift in Sources */ = {isa = PBXBuildFile; fileRef = 141E1E28242C07D400E7838B /* MPCHandler.swift */; };
		141E1E2C242C128F00E7838B /* Main.storyboard in Resources */ = {isa = PBXBuildFile; fileRef = 141E1E2A242C128F00E7838B /* Main.storyboard */; };
/* End PBXBuildFile section */

/* Begin PBXFileReference section */
		141E1E06242AB65F00E7838B /* TicTacToe.app */ = {isa = PBXFileReference; explicitFileType = wrapper.application; includeInIndex = 0; path = TicTacToe.app; sourceTree = BUILT_PRODUCTS_DIR; };
		141E1E09242AB65F00E7838B /* AppDelegate.swift */ = {isa = PBXFileReference; lastKnownFileType = sourcecode.swift; path = AppDelegate.swift; sourceTree = "<group>"; };
		141E1E0D242AB65F00E7838B /* GameController.swift */ = {isa = PBXFileReference; lastKnownFileType = sourcecode.swift; path = GameController.swift; sourceTree = "<group>"; };
		141E1E12242AB66200E7838B /* Assets.xcassets */ = {isa = PBXFileReference; lastKnownFileType = folder.assetcatalog; path = Assets.xcassets; sourceTree = "<group>"; };
		141E1E15242AB66200E7838B /* Base */ = {isa = PBXFileReference; lastKnownFileType = file.storyboard; name = Base; path = Base.lproj/LaunchScreen.storyboard; sourceTree = "<group>"; };
		141E1E17242AB66200E7838B /* Info.plist */ = {isa = PBXFileReference; lastKnownFileType = text.plist.xml; path = Info.plist; sourceTree = "<group>"; };
		141E1E1D242ABF8000E7838B /* UIColor + Extention.swift */ = {isa = PBXFileReference; lastKnownFileType = sourcecode.swift; path = "UIColor + Extention.swift"; sourceTree = "<group>"; };
		141E1E26242C060D00E7838B /* xImageView.swift */ = {isa = PBXFileReference; lastKnownFileType = sourcecode.swift; path = xImageView.swift; sourceTree = "<group>"; };
		141E1E28242C07D400E7838B /* MPCHandler.swift */ = {isa = PBXFileReference; lastKnownFileType = sourcecode.swift; path = MPCHandler.swift; sourceTree = "<group>"; };
		141E1E2B242C128F00E7838B /* Base */ = {isa = PBXFileReference; lastKnownFileType = file.storyboard; name = Base; path = Base.lproj/Main.storyboard; sourceTree = "<group>"; };
		141E1E2D242C212800E7838B /* TicTacToe.entitlements */ = {isa = PBXFileReference; lastKnownFileType = text.plist.entitlements; path = TicTacToe.entitlements; sourceTree = "<group>"; };
/* End PBXFileReference section */

/* Begin PBXFrameworksBuildPhase section */
		141E1E03242AB65F00E7838B /* Frameworks */ = {
			isa = PBXFrameworksBuildPhase;
			buildActionMask = 2147483647;
			files = (
			);
			runOnlyForDeploymentPostprocessing = 0;
		};
/* End PBXFrameworksBuildPhase section */

/* Begin PBXGroup section */
		141E1DFD242AB65F00E7838B = {
			isa = PBXGroup;
			children = (
				141E1E08242AB65F00E7838B /* TicTacToe */,
				141E1E07242AB65F00E7838B /* Products */,
			);
			sourceTree = "<group>";
		};
		141E1E07242AB65F00E7838B /* Products */ = {
			isa = PBXGroup;
			children = (
				141E1E06242AB65F00E7838B /* TicTacToe.app */,
			);
			name = Products;
			sourceTree = "<group>";
		};
		141E1E08242AB65F00E7838B /* TicTacToe */ = {
			isa = PBXGroup;
			children = (
				141E1E2D242C212800E7838B /* TicTacToe.entitlements */,
				141E1E09242AB65F00E7838B /* AppDelegate.swift */,
				141E1E0D242AB65F00E7838B /* GameController.swift */,
				141E1E26242C060D00E7838B /* xImageView.swift */,
				141E1E28242C07D400E7838B /* MPCHandler.swift */,
				141E1E1D242ABF8000E7838B /* UIColor + Extention.swift */,
				141E1E12242AB66200E7838B /* Assets.xcassets */,
				141E1E2A242C128F00E7838B /* Main.storyboard */,
				141E1E14242AB66200E7838B /* LaunchScreen.storyboard */,
				141E1E17242AB66200E7838B /* Info.plist */,
			);
			path = TicTacToe;
			sourceTree = "<group>";
		};
/* End PBXGroup section */

/* Begin PBXNativeTarget section */
		141E1E05242AB65F00E7838B /* TicTacToe */ = {
			isa = PBXNativeTarget;
			buildConfigurationList = 141E1E1A242AB66200E7838B /* Build configuration list for PBXNativeTarget "TicTacToe" */;
			buildPhases = (
				141E1E02242AB65F00E7838B /* Sources */,
				141E1E03242AB65F00E7838B /* Frameworks */,
				141E1E04242AB65F00E7838B /* Resources */,
			);
			buildRules = (
			);
			dependencies = (
			);
			name = TicTacToe;
			productName = TicTacToe;
			productReference = 141E1E06242AB65F00E7838B /* TicTacToe.app */;
			productType = "com.apple.product-type.application";
		};
/* End PBXNativeTarget section */

/* Begin PBXProject section */
		141E1DFE242AB65F00E7838B /* Project object */ = {
			isa = PBXProject;
			attributes = {
				LastSwiftUpdateCheck = 1130;
				LastUpgradeCheck = 1130;
				ORGANIZATIONNAME = "Carlos Jorge";
				TargetAttributes = {
					141E1E05242AB65F00E7838B = {
						CreatedOnToolsVersion = 11.3.1;
					};
				};
			};
			buildConfigurationList = 141E1E01242AB65F00E7838B /* Build configuration list for PBXProject "TicTacToe" */;
			compatibilityVersion = "Xcode 9.3";
			developmentRegion = en;
			hasScannedForEncodings = 0;
			knownRegions = (
				en,
				Base,
			);
			mainGroup = 141E1DFD242AB65F00E7838B;
			productRefGroup = 141E1E07242AB65F00E7838B /* Products */;
			projectDirPath = "";
			projectRoot = "";
			targets = (
				141E1E05242AB65F00E7838B /* TicTacToe */,
			);
		};
/* End PBXProject section */

/* Begin PBXResourcesBuildPhase section */
		141E1E04242AB65F00E7838B /* Resources */ = {
			isa = PBXResourcesBuildPhase;
			buildActionMask = 2147483647;
			files = (
				141E1E2C242C128F00E7838B /* Main.storyboard in Resources */,
				141E1E16242AB66200E7838B /* LaunchScreen.storyboard in Resources */,
				141E1E13242AB66200E7838B /* Assets.xcassets in Resources */,
			);
			runOnlyForDeploymentPostprocessing = 0;
		};
/* End PBXResourcesBuildPhase section */

/* Begin PBXSourcesBuildPhase section */
		141E1E02242AB65F00E7838B /* Sources */ = {
			isa = PBXSourcesBuildPhase;
			buildActionMask = 2147483647;
			files = (
				141E1E0E242AB65F00E7838B /* GameController.swift in Sources */,
				141E1E29242C07D400E7838B /* MPCHandler.swift in Sources */,
				141E1E0A242AB65F00E7838B /* AppDelegate.swift in Sources */,
				141E1E1E242ABF8000E7838B /* UIColor + Extention.swift in Sources */,
				141E1E27242C060D00E7838B /* xImageView.swift in Sources */,
			);
			runOnlyForDeploymentPostprocessing = 0;
		};
/* End PBXSourcesBuildPhase section */

/* Begin PBXVariantGroup section */
		141E1E14242AB66200E7838B /* LaunchScreen.storyboard */ = {
			isa = PBXVariantGroup;
			children = (
				141E1E15242AB66200E7838B /* Base */,
			);
			name = LaunchScreen.storyboard;
			sourceTree = "<group>";
		};
		141E1E2A242C128F00E7838B /* Main.storyboard */ = {
			isa = PBXVariantGroup;
			children = (
				141E1E2B242C128F00E7838B /* Base */,
			);
			name = Main.storyboard;
			sourceTree = "<group>";
		};
/* End PBXVariantGroup section */

/* Begin XCBuildConfiguration section */
		141E1E18242AB66200E7838B /* Debug */ = {
			isa = XCBuildConfiguration;
			buildSettings = {
				ALWAYS_SEARCH_USER_PATHS = NO;
				CLANG_ANALYZER_NONNULL = YES;
				CLANG_ANALYZER_NUMBER_OBJECT_CONVERSION = YES_AGGRESSIVE;
				CLANG_CXX_LANGUAGE_STANDARD = "gnu++14";
				CLANG_CXX_LIBRARY = "libc++";
				CLANG_ENABLE_MODULES = YES;
				CLANG_ENABLE_OBJC_ARC = YES;
				CLANG_ENABLE_OBJC_WEAK = YES;
				CLANG_WARN_BLOCK_CAPTURE_AUTORELEASING = YES;
				CLANG_WARN_BOOL_CONVERSION = YES;
				CLANG_WARN_COMMA = YES;
				CLANG_WARN_CONSTANT_CONVERSION = YES;
				CLANG_WARN_DEPRECATED_OBJC_IMPLEMENTATIONS = YES;
				CLANG_WARN_DIRECT_OBJC_ISA_USAGE = YES_ERROR;
				CLANG_WARN_DOCUMENTATION_COMMENTS = YES;
				CLANG_WARN_EMPTY_BODY = YES;
				CLANG_WARN_ENUM_CONVERSION = YES;
				CLANG_WARN_INFINITE_RECURSION = YES;
				CLANG_WARN_INT_CONVERSION = YES;
				CLANG_WARN_NON_LITERAL_NULL_CONVERSION = YES;
				CLANG_WARN_OBJC_IMPLICIT_RETAIN_SELF = YES;
				CLANG_WARN_OBJC_LITERAL_CONVERSION = YES;
				CLANG_WARN_OBJC_ROOT_CLASS = YES_ERROR;
				CLANG_WARN_RANGE_LOOP_ANALYSIS = YES;
				CLANG_WARN_STRICT_PROTOTYPES = YES;
				CLANG_WARN_SUSPICIOUS_MOVE = YES;
				CLANG_WARN_UNGUARDED_AVAILABILITY = YES_AGGRESSIVE;
				CLANG_WARN_UNREACHABLE_CODE = YES;
				CLANG_WARN__DUPLICATE_METHOD_MATCH = YES;
				COPY_PHASE_STRIP = NO;
				DEBUG_INFORMATION_FORMAT = dwarf;
				ENABLE_STRICT_OBJC_MSGSEND = YES;
				ENABLE_TESTABILITY = YES;
				GCC_C_LANGUAGE_STANDARD = gnu11;
				GCC_DYNAMIC_NO_PIC = NO;
				GCC_NO_COMMON_BLOCKS = YES;
				GCC_OPTIMIZATION_LEVEL = 0;
				GCC_PREPROCESSOR_DEFINITIONS = (
					"DEBUG=1",
					"$(inherited)",
				);
				GCC_WARN_64_TO_32_BIT_CONVERSION = YES;
				GCC_WARN_ABOUT_RETURN_TYPE = YES_ERROR;
				GCC_WARN_UNDECLARED_SELECTOR = YES;
				GCC_WARN_UNINITIALIZED_AUTOS = YES_AGGRESSIVE;
				GCC_WARN_UNUSED_FUNCTION = YES;
				GCC_WARN_UNUSED_VARIABLE = YES;
				IPHONEOS_DEPLOYMENT_TARGET = 13.2;
				MTL_ENABLE_DEBUG_INFO = INCLUDE_SOURCE;
				MTL_FAST_MATH = YES;
				ONLY_ACTIVE_ARCH = YES;
				SDKROOT = iphoneos;
				SWIFT_ACTIVE_COMPILATION_CONDITIONS = DEBUG;
				SWIFT_OPTIMIZATION_LEVEL = "-Onone";
			};
			name = Debug;
		};
		141E1E19242AB66200E7838B /* Release */ = {
			isa = XCBuildConfiguration;
			buildSettings = {
				ALWAYS_SEARCH_USER_PATHS = NO;
				CLANG_ANALYZER_NONNULL = YES;
				CLANG_ANALYZER_NUMBER_OBJECT_CONVERSION = YES_AGGRESSIVE;
				CLANG_CXX_LANGUAGE_STANDARD = "gnu++14";
				CLANG_CXX_LIBRARY = "libc++";
				CLANG_ENABLE_MODULES = YES;
				CLANG_ENABLE_OBJC_ARC = YES;
				CLANG_ENABLE_OBJC_WEAK = YES;
				CLANG_WARN_BLOCK_CAPTURE_AUTORELEASING = YES;
				CLANG_WARN_BOOL_CONVERSION = YES;
				CLANG_WARN_COMMA = YES;
				CLANG_WARN_CONSTANT_CONVERSION = YES;
				CLANG_WARN_DEPRECATED_OBJC_IMPLEMENTATIONS = YES;
				CLANG_WARN_DIRECT_OBJC_ISA_USAGE = YES_ERROR;
				CLANG_WARN_DOCUMENTATION_COMMENTS = YES;
				CLANG_WARN_EMPTY_BODY = YES;
				CLANG_WARN_ENUM_CONVERSION = YES;
				CLANG_WARN_INFINITE_RECURSION = YES;
				CLANG_WARN_INT_CONVERSION = YES;
				CLANG_WARN_NON_LITERAL_NULL_CONVERSION = YES;
				CLANG_WARN_OBJC_IMPLICIT_RETAIN_SELF = YES;
				CLANG_WARN_OBJC_LITERAL_CONVERSION = YES;
				CLANG_WARN_OBJC_ROOT_CLASS = YES_ERROR;
				CLANG_WARN_RANGE_LOOP_ANALYSIS = YES;
				CLANG_WARN_STRICT_PROTOTYPES = YES;
				CLANG_WARN_SUSPICIOUS_MOVE = YES;
				CLANG_WARN_UNGUARDED_AVAILABILITY = YES_AGGRESSIVE;
				CLANG_WARN_UNREACHABLE_CODE = YES;
				CLANG_WARN__DUPLICATE_METHOD_MATCH = YES;
				COPY_PHASE_STRIP = NO;
				DEBUG_INFORMATION_FORMAT = "dwarf-with-dsym";
				ENABLE_NS_ASSERTIONS = NO;
				ENABLE_STRICT_OBJC_MSGSEND = YES;
				GCC_C_LANGUAGE_STANDARD = gnu11;
				GCC_NO_COMMON_BLOCKS = YES;
				GCC_WARN_64_TO_32_BIT_CONVERSION = YES;
				GCC_WARN_ABOUT_RETURN_TYPE = YES_ERROR;
				GCC_WARN_UNDECLARED_SELECTOR = YES;
				GCC_WARN_UNINITIALIZED_AUTOS = YES_AGGRESSIVE;
				GCC_WARN_UNUSED_FUNCTION = YES;
				GCC_WARN_UNUSED_VARIABLE = YES;
				IPHONEOS_DEPLOYMENT_TARGET = 13.2;
				MTL_ENABLE_DEBUG_INFO = NO;
				MTL_FAST_MATH = YES;
				SDKROOT = iphoneos;
				SWIFT_COMPILATION_MODE = wholemodule;
				SWIFT_OPTIMIZATION_LEVEL = "-O";
				VALIDATE_PRODUCT = YES;
			};
			name = Release;
		};
		141E1E1B242AB66200E7838B /* Debug */ = {
			isa = XCBuildConfiguration;
			buildSettings = {
				ASSETCATALOG_COMPILER_APPICON_NAME = AppIcon;
				CODE_SIGN_ENTITLEMENTS = TicTacToe/TicTacToe.entitlements;
				CODE_SIGN_STYLE = Automatic;
				DEVELOPMENT_TEAM = NJ4QUDDXL3;
				INFOPLIST_FILE = TicTacToe/Info.plist;
				IPHONEOS_DEPLOYMENT_TARGET = 13.0;
				LD_RUNPATH_SEARCH_PATHS = (
					"$(inherited)",
					"@executable_path/Frameworks",
				);
				PRODUCT_BUNDLE_IDENTIFIER = "Carlos-Jorge";
				PRODUCT_NAME = "$(TARGET_NAME)";
				SWIFT_VERSION = 5.0;
				TARGETED_DEVICE_FAMILY = "1,2";
			};
			name = Debug;
		};
		141E1E1C242AB66200E7838B /* Release */ = {
			isa = XCBuildConfiguration;
			buildSettings = {
				ASSETCATALOG_COMPILER_APPICON_NAME = AppIcon;
				CODE_SIGN_ENTITLEMENTS = TicTacToe/TicTacToe.entitlements;
				CODE_SIGN_STYLE = Automatic;
				DEVELOPMENT_TEAM = NJ4QUDDXL3;
				INFOPLIST_FILE = TicTacToe/Info.plist;
				IPHONEOS_DEPLOYMENT_TARGET = 13.0;
				LD_RUNPATH_SEARCH_PATHS = (
					"$(inherited)",
					"@executable_path/Frameworks",
				);
				PRODUCT_BUNDLE_IDENTIFIER = "Carlos-Jorge";
				PRODUCT_NAME = "$(TARGET_NAME)";
				SWIFT_VERSION = 5.0;
				TARGETED_DEVICE_FAMILY = "1,2";
			};
			name = Release;
		};
/* End XCBuildConfiguration section */

/* Begin XCConfigurationList section */
		141E1E01242AB65F00E7838B /* Build configuration list for PBXProject "TicTacToe" */ = {
			isa = XCConfigurationList;
			buildConfigurations = (
				141E1E18242AB66200E7838B /* Debug */,
				141E1E19242AB66200E7838B /* Release */,
			);
			defaultConfigurationIsVisible = 0;
			defaultConfigurationName = Release;
		};
		141E1E1A242AB66200E7838B /* Build configuration list for PBXNativeTarget "TicTacToe" */ = {
			isa = XCConfigurationList;
			buildConfigurations = (
				141E1E1B242AB66200E7838B /* Debug */,
				141E1E1C242AB66200E7838B /* Release */,
			);
			defaultConfigurationIsVisible = 0;
			defaultConfigurationName = Release;
		};
/* End XCConfigurationList section */
	};
	rootObject = 141E1DFE242AB65F00E7838B /* Project object */;
}
