// !$*UTF8*$!
{
	archiveVersion = 1;
	classes = {
	};
	objectVersion = 50;
	objects = {

/* Begin PBXBuildFile section */
		F41EC06A25EF2AD3005902B6 /* AppDelegate.swift in Sources */ = {isa = PBXBuildFile; fileRef = F41EC06925EF2AD3005902B6 /* AppDelegate.swift */; };
		F41EC06E25EF2AD3005902B6 /* ViewController.swift in Sources */ = {isa = PBXBuildFile; fileRef = F41EC06D25EF2AD3005902B6 /* ViewController.swift */; };
		F41EC07125EF2AD3005902B6 /* Main.storyboard in Resources */ = {isa = PBXBuildFile; fileRef = F41EC06F25EF2AD3005902B6 /* Main.storyboard */; };
		F41EC07325EF2AD4005902B6 /* Assets.xcassets in Resources */ = {isa = PBXBuildFile; fileRef = F41EC07225EF2AD4005902B6 /* Assets.xcassets */; };
		F4333F4525F16C4100D730A5 /* Launch Screen.storyboard in Resources */ = {isa = PBXBuildFile; fileRef = F4333F4425F16C4100D730A5 /* Launch Screen.storyboard */; };
		F4333F4B25F16E6900D730A5 /* xImageView.swift in Sources */ = {isa = PBXBuildFile; fileRef = F4333F4A25F16E6900D730A5 /* xImageView.swift */; };
		F43F8B2C25EFC8DD0016BF40 /* GameViewController.swift in Sources */ = {isa = PBXBuildFile; fileRef = F43F8B2B25EFC8DD0016BF40 /* GameViewController.swift */; };
		F43F8B3125F00FFD0016BF40 /* ConnectViewController.swift in Sources */ = {isa = PBXBuildFile; fileRef = F43F8B3025F00FFD0016BF40 /* ConnectViewController.swift */; };
		F4C468FE25F1828900FABB92 /* MPCHandler.swift in Sources */ = {isa = PBXBuildFile; fileRef = F4C468FD25F1828900FABB92 /* MPCHandler.swift */; };
		F4F4BAE025F15EE6003E2FEB /* SceneDelegate.swift in Sources */ = {isa = PBXBuildFile; fileRef = F4F4BADF25F15EE6003E2FEB /* SceneDelegate.swift */; };
/* End PBXBuildFile section */

/* Begin PBXFileReference section */
		F41EC06625EF2AD3005902B6 /* Final.app */ = {isa = PBXFileReference; explicitFileType = wrapper.application; includeInIndex = 0; path = Final.app; sourceTree = BUILT_PRODUCTS_DIR; };
		F41EC06925EF2AD3005902B6 /* AppDelegate.swift */ = {isa = PBXFileReference; lastKnownFileType = sourcecode.swift; path = AppDelegate.swift; sourceTree = "<group>"; };
		F41EC06D25EF2AD3005902B6 /* ViewController.swift */ = {isa = PBXFileReference; lastKnownFileType = sourcecode.swift; path = ViewController.swift; sourceTree = "<group>"; };
		F41EC07025EF2AD3005902B6 /* Base */ = {isa = PBXFileReference; lastKnownFileType = file.storyboard; name = Base; path = Base.lproj/Main.storyboard; sourceTree = "<group>"; };
		F41EC07225EF2AD4005902B6 /* Assets.xcassets */ = {isa = PBXFileReference; lastKnownFileType = folder.assetcatalog; path = Assets.xcassets; sourceTree = "<group>"; };
		F41EC07725EF2AD4005902B6 /* Info.plist */ = {isa = PBXFileReference; lastKnownFileType = text.plist.xml; path = Info.plist; sourceTree = "<group>"; };
		F4333F4425F16C4100D730A5 /* Launch Screen.storyboard */ = {isa = PBXFileReference; lastKnownFileType = file.storyboard; path = "Launch Screen.storyboard"; sourceTree = "<group>"; };
		F4333F4A25F16E6900D730A5 /* xImageView.swift */ = {isa = PBXFileReference; lastKnownFileType = sourcecode.swift; path = xImageView.swift; sourceTree = "<group>"; };
		F43F8B2B25EFC8DD0016BF40 /* GameViewController.swift */ = {isa = PBXFileReference; lastKnownFileType = sourcecode.swift; path = GameViewController.swift; sourceTree = "<group>"; };
		F43F8B3025F00FFD0016BF40 /* ConnectViewController.swift */ = {isa = PBXFileReference; lastKnownFileType = sourcecode.swift; path = ConnectViewController.swift; sourceTree = "<group>"; };
		F4C468FD25F1828900FABB92 /* MPCHandler.swift */ = {isa = PBXFileReference; lastKnownFileType = sourcecode.swift; path = MPCHandler.swift; sourceTree = "<group>"; };
		F4F4BADF25F15EE6003E2FEB /* SceneDelegate.swift */ = {isa = PBXFileReference; lastKnownFileType = sourcecode.swift; path = SceneDelegate.swift; sourceTree = "<group>"; };
/* End PBXFileReference section */

/* Begin PBXFrameworksBuildPhase section */
		F41EC06325EF2AD3005902B6 /* Frameworks */ = {
			isa = PBXFrameworksBuildPhase;
			buildActionMask = 2147483647;
			files = (
			);
			runOnlyForDeploymentPostprocessing = 0;
		};
/* End PBXFrameworksBuildPhase section */

/* Begin PBXGroup section */
		F41EC05D25EF2AD3005902B6 = {
			isa = PBXGroup;
			children = (
				F41EC06825EF2AD3005902B6 /* Final */,
				F41EC06725EF2AD3005902B6 /* Products */,
			);
			sourceTree = "<group>";
		};
		F41EC06725EF2AD3005902B6 /* Products */ = {
			isa = PBXGroup;
			children = (
				F41EC06625EF2AD3005902B6 /* Final.app */,
			);
			name = Products;
			sourceTree = "<group>";
		};
		F41EC06825EF2AD3005902B6 /* Final */ = {
			isa = PBXGroup;
			children = (
				F41EC06925EF2AD3005902B6 /* AppDelegate.swift */,
				F4F4BADF25F15EE6003E2FEB /* SceneDelegate.swift */,
				F41EC06D25EF2AD3005902B6 /* ViewController.swift */,
				F41EC07225EF2AD4005902B6 /* Assets.xcassets */,
				F41EC06F25EF2AD3005902B6 /* Main.storyboard */,
				F41EC07725EF2AD4005902B6 /* Info.plist */,
				F43F8B2B25EFC8DD0016BF40 /* GameViewController.swift */,
				F43F8B3025F00FFD0016BF40 /* ConnectViewController.swift */,
				F4333F4A25F16E6900D730A5 /* xImageView.swift */,
				F4C468FD25F1828900FABB92 /* MPCHandler.swift */,
				F4333F4425F16C4100D730A5 /* Launch Screen.storyboard */,
			);
			path = Final;
			sourceTree = "<group>";
		};
/* End PBXGroup section */

/* Begin PBXNativeTarget section */
		F41EC06525EF2AD3005902B6 /* Final */ = {
			isa = PBXNativeTarget;
			buildConfigurationList = F41EC09025EF2AD4005902B6 /* Build configuration list for PBXNativeTarget "Final" */;
			buildPhases = (
				F41EC06225EF2AD3005902B6 /* Sources */,
				F41EC06325EF2AD3005902B6 /* Frameworks */,
				F41EC06425EF2AD3005902B6 /* Resources */,
			);
			buildRules = (
			);
			dependencies = (
			);
			name = Final;
			productName = Final;
			productReference = F41EC06625EF2AD3005902B6 /* Final.app */;
			productType = "com.apple.product-type.application";
		};
/* End PBXNativeTarget section */

/* Begin PBXProject section */
		F41EC05E25EF2AD3005902B6 /* Project object */ = {
			isa = PBXProject;
			attributes = {
				LastSwiftUpdateCheck = 1240;
				LastUpgradeCheck = 1240;
				TargetAttributes = {
					F41EC06525EF2AD3005902B6 = {
						CreatedOnToolsVersion = 12.4;
					};
				};
			};
			buildConfigurationList = F41EC06125EF2AD3005902B6 /* Build configuration list for PBXProject "Final" */;
			compatibilityVersion = "Xcode 9.3";
			developmentRegion = en;
			hasScannedForEncodings = 0;
			knownRegions = (
				en,
				Base,
			);
			mainGroup = F41EC05D25EF2AD3005902B6;
			productRefGroup = F41EC06725EF2AD3005902B6 /* Products */;
			projectDirPath = "";
			projectRoot = "";
			targets = (
				F41EC06525EF2AD3005902B6 /* Final */,
			);
		};
/* End PBXProject section */

/* Begin PBXResourcesBuildPhase section */
		F41EC06425EF2AD3005902B6 /* Resources */ = {
			isa = PBXResourcesBuildPhase;
			buildActionMask = 2147483647;
			files = (
				F4333F4525F16C4100D730A5 /* Launch Screen.storyboard in Resources */,
				F41EC07325EF2AD4005902B6 /* Assets.xcassets in Resources */,
				F41EC07125EF2AD3005902B6 /* Main.storyboard in Resources */,
			);
			runOnlyForDeploymentPostprocessing = 0;
		};
/* End PBXResourcesBuildPhase section */

/* Begin PBXSourcesBuildPhase section */
		F41EC06225EF2AD3005902B6 /* Sources */ = {
			isa = PBXSourcesBuildPhase;
			buildActionMask = 2147483647;
			files = (
				F43F8B3125F00FFD0016BF40 /* ConnectViewController.swift in Sources */,
				F43F8B2C25EFC8DD0016BF40 /* GameViewController.swift in Sources */,
				F41EC06E25EF2AD3005902B6 /* ViewController.swift in Sources */,
				F4333F4B25F16E6900D730A5 /* xImageView.swift in Sources */,
				F41EC06A25EF2AD3005902B6 /* AppDelegate.swift in Sources */,
				F4C468FE25F1828900FABB92 /* MPCHandler.swift in Sources */,
				F4F4BAE025F15EE6003E2FEB /* SceneDelegate.swift in Sources */,
			);
			runOnlyForDeploymentPostprocessing = 0;
		};
/* End PBXSourcesBuildPhase section */

/* Begin PBXVariantGroup section */
		F41EC06F25EF2AD3005902B6 /* Main.storyboard */ = {
			isa = PBXVariantGroup;
			children = (
				F41EC07025EF2AD3005902B6 /* Base */,
			);
			name = Main.storyboard;
			sourceTree = "<group>";
		};
/* End PBXVariantGroup section */

/* Begin XCBuildConfiguration section */
		F41EC08E25EF2AD4005902B6 /* Debug */ = {
			isa = XCBuildConfiguration;
			buildSettings = {
				ALWAYS_SEARCH_USER_PATHS = NO;
				CLANG_ANALYZER_NONNULL = YES;
				CLANG_ANALYZER_NUMBER_OBJECT_CONVERSION = YES_AGGRESSIVE;
				CLANG_CXX_LANGUAGE_STANDARD = "gnu++14";
				CLANG_CXX_LIBRARY = "libc++";
				CLANG_ENABLE_MODULES = YES;
				CLANG_ENABLE_OBJC_ARC = YES;
				CLANG_ENABLE_OBJC_WEAK = YES;
				CLANG_WARN_BLOCK_CAPTURE_AUTORELEASING = YES;
				CLANG_WARN_BOOL_CONVERSION = YES;
				CLANG_WARN_COMMA = YES;
				CLANG_WARN_CONSTANT_CONVERSION = YES;
				CLANG_WARN_DEPRECATED_OBJC_IMPLEMENTATIONS = YES;
				CLANG_WARN_DIRECT_OBJC_ISA_USAGE = YES_ERROR;
				CLANG_WARN_DOCUMENTATION_COMMENTS = YES;
				CLANG_WARN_EMPTY_BODY = YES;
				CLANG_WARN_ENUM_CONVERSION = YES;
				CLANG_WARN_INFINITE_RECURSION = YES;
				CLANG_WARN_INT_CONVERSION = YES;
				CLANG_WARN_NON_LITERAL_NULL_CONVERSION = YES;
				CLANG_WARN_OBJC_IMPLICIT_RETAIN_SELF = YES;
				CLANG_WARN_OBJC_LITERAL_CONVERSION = YES;
				CLANG_WARN_OBJC_ROOT_CLASS = YES_ERROR;
				CLANG_WARN_QUOTED_INCLUDE_IN_FRAMEWORK_HEADER = YES;
				CLANG_WARN_RANGE_LOOP_ANALYSIS = YES;
				CLANG_WARN_STRICT_PROTOTYPES = YES;
				CLANG_WARN_SUSPICIOUS_MOVE = YES;
				CLANG_WARN_UNGUARDED_AVAILABILITY = YES_AGGRESSIVE;
				CLANG_WARN_UNREACHABLE_CODE = YES;
				CLANG_WARN__DUPLICATE_METHOD_MATCH = YES;
				COPY_PHASE_STRIP = NO;
				DEBUG_INFORMATION_FORMAT = dwarf;
				ENABLE_STRICT_OBJC_MSGSEND = YES;
				ENABLE_TESTABILITY = YES;
				GCC_C_LANGUAGE_STANDARD = gnu11;
				GCC_DYNAMIC_NO_PIC = NO;
				GCC_NO_COMMON_BLOCKS = YES;
				GCC_OPTIMIZATION_LEVEL = 0;
				GCC_PREPROCESSOR_DEFINITIONS = (
					"DEBUG=1",
					"$(inherited)",
				);
				GCC_WARN_64_TO_32_BIT_CONVERSION = YES;
				GCC_WARN_ABOUT_RETURN_TYPE = YES_ERROR;
				GCC_WARN_UNDECLARED_SELECTOR = YES;
				GCC_WARN_UNINITIALIZED_AUTOS = YES_AGGRESSIVE;
				GCC_WARN_UNUSED_FUNCTION = YES;
				GCC_WARN_UNUSED_VARIABLE = YES;
				IPHONEOS_DEPLOYMENT_TARGET = 14.4;
				MTL_ENABLE_DEBUG_INFO = INCLUDE_SOURCE;
				MTL_FAST_MATH = YES;
				ONLY_ACTIVE_ARCH = YES;
				SDKROOT = iphoneos;
				SWIFT_ACTIVE_COMPILATION_CONDITIONS = DEBUG;
				SWIFT_OPTIMIZATION_LEVEL = "-Onone";
			};
			name = Debug;
		};
		F41EC08F25EF2AD4005902B6 /* Release */ = {
			isa = XCBuildConfiguration;
			buildSettings = {
				ALWAYS_SEARCH_USER_PATHS = NO;
				CLANG_ANALYZER_NONNULL = YES;
				CLANG_ANALYZER_NUMBER_OBJECT_CONVERSION = YES_AGGRESSIVE;
				CLANG_CXX_LANGUAGE_STANDARD = "gnu++14";
				CLANG_CXX_LIBRARY = "libc++";
				CLANG_ENABLE_MODULES = YES;
				CLANG_ENABLE_OBJC_ARC = YES;
				CLANG_ENABLE_OBJC_WEAK = YES;
				CLANG_WARN_BLOCK_CAPTURE_AUTORELEASING = YES;
				CLANG_WARN_BOOL_CONVERSION = YES;
				CLANG_WARN_COMMA = YES;
				CLANG_WARN_CONSTANT_CONVERSION = YES;
				CLANG_WARN_DEPRECATED_OBJC_IMPLEMENTATIONS = YES;
				CLANG_WARN_DIRECT_OBJC_ISA_USAGE = YES_ERROR;
				CLANG_WARN_DOCUMENTATION_COMMENTS = YES;
				CLANG_WARN_EMPTY_BODY = YES;
				CLANG_WARN_ENUM_CONVERSION = YES;
				CLANG_WARN_INFINITE_RECURSION = YES;
				CLANG_WARN_INT_CONVERSION = YES;
				CLANG_WARN_NON_LITERAL_NULL_CONVERSION = YES;
				CLANG_WARN_OBJC_IMPLICIT_RETAIN_SELF = YES;
				CLANG_WARN_OBJC_LITERAL_CONVERSION = YES;
				CLANG_WARN_OBJC_ROOT_CLASS = YES_ERROR;
				CLANG_WARN_QUOTED_INCLUDE_IN_FRAMEWORK_HEADER = YES;
				CLANG_WARN_RANGE_LOOP_ANALYSIS = YES;
				CLANG_WARN_STRICT_PROTOTYPES = YES;
				CLANG_WARN_SUSPICIOUS_MOVE = YES;
				CLANG_WARN_UNGUARDED_AVAILABILITY = YES_AGGRESSIVE;
				CLANG_WARN_UNREACHABLE_CODE = YES;
				CLANG_WARN__DUPLICATE_METHOD_MATCH = YES;
				COPY_PHASE_STRIP = NO;
				DEBUG_INFORMATION_FORMAT = "dwarf-with-dsym";
				ENABLE_NS_ASSERTIONS = NO;
				ENABLE_STRICT_OBJC_MSGSEND = YES;
				GCC_C_LANGUAGE_STANDARD = gnu11;
				GCC_NO_COMMON_BLOCKS = YES;
				GCC_WARN_64_TO_32_BIT_CONVERSION = YES;
				GCC_WARN_ABOUT_RETURN_TYPE = YES_ERROR;
				GCC_WARN_UNDECLARED_SELECTOR = YES;
				GCC_WARN_UNINITIALIZED_AUTOS = YES_AGGRESSIVE;
				GCC_WARN_UNUSED_FUNCTION = YES;
				GCC_WARN_UNUSED_VARIABLE = YES;
				IPHONEOS_DEPLOYMENT_TARGET = 14.4;
				MTL_ENABLE_DEBUG_INFO = NO;
				MTL_FAST_MATH = YES;
				SDKROOT = iphoneos;
				SWIFT_COMPILATION_MODE = wholemodule;
				SWIFT_OPTIMIZATION_LEVEL = "-O";
				VALIDATE_PRODUCT = YES;
			};
			name = Release;
		};
		F41EC09125EF2AD4005902B6 /* Debug */ = {
			isa = XCBuildConfiguration;
			buildSettings = {
				ASSETCATALOG_COMPILER_APPICON_NAME = AppIcon;
				ASSETCATALOG_COMPILER_GLOBAL_ACCENT_COLOR_NAME = AccentColor;
				CODE_SIGN_STYLE = Automatic;
				DEVELOPMENT_TEAM = NJ4QUDDXL3;
				INFOPLIST_FILE = Final/Info.plist;
				IPHONEOS_DEPLOYMENT_TARGET = 14.4;
				LD_RUNPATH_SEARCH_PATHS = (
					"$(inherited)",
					"@executable_path/Frameworks",
				);
				"LD_RUNPATH_SEARCH_PATHS[arch=*]" = (
					"$(inherited)",
					"@executable_path/Frameworks",
				);
				ONLY_ACTIVE_ARCH = YES;
				PRODUCT_BUNDLE_IDENTIFIER = CarlosJorge.Final;
				PRODUCT_NAME = "$(TARGET_NAME)";
				SWIFT_VERSION = 5.0;
				TARGETED_DEVICE_FAMILY = "1,2";
			};
			name = Debug;
		};
		F41EC09225EF2AD4005902B6 /* Release */ = {
			isa = XCBuildConfiguration;
			buildSettings = {
				"ARCHS[sdk=*]" = "$(ARCHS_STANDARD)";
				ASSETCATALOG_COMPILER_APPICON_NAME = AppIcon;
				ASSETCATALOG_COMPILER_GLOBAL_ACCENT_COLOR_NAME = AccentColor;
				CODE_SIGN_STYLE = Automatic;
				DEVELOPMENT_TEAM = NJ4QUDDXL3;
				INFOPLIST_FILE = Final/Info.plist;
				IPHONEOS_DEPLOYMENT_TARGET = 14.4;
				LD_RUNPATH_SEARCH_PATHS = (
					"$(inherited)",
					"@executable_path/Frameworks",
				);
				ONLY_ACTIVE_ARCH = YES;
				PRODUCT_BUNDLE_IDENTIFIER = CarlosJorge.Final;
				PRODUCT_NAME = "$(TARGET_NAME)";
				SWIFT_VERSION = 5.0;
				TARGETED_DEVICE_FAMILY = "1,2";
			};
			name = Release;
		};
/* End XCBuildConfiguration section */

/* Begin XCConfigurationList section */
		F41EC06125EF2AD3005902B6 /* Build configuration list for PBXProject "Final" */ = {
			isa = XCConfigurationList;
			buildConfigurations = (
				F41EC08E25EF2AD4005902B6 /* Debug */,
				F41EC08F25EF2AD4005902B6 /* Release */,
			);
			defaultConfigurationIsVisible = 0;
			defaultConfigurationName = Release;
		};
		F41EC09025EF2AD4005902B6 /* Build configuration list for PBXNativeTarget "Final" */ = {
			isa = XCConfigurationList;
			buildConfigurations = (
				F41EC09125EF2AD4005902B6 /* Debug */,
				F41EC09225EF2AD4005902B6 /* Release */,
			);
			defaultConfigurationIsVisible = 0;
			defaultConfigurationName = Release;
		};
/* End XCConfigurationList section */
	};
	rootObject = F41EC05E25EF2AD3005902B6 /* Project object */;
}
